// !$*UTF8*$!
{
	archiveVersion = 1;
	classes = {
	};
	objectVersion = 51;
	objects = {

/* Begin PBXBuildFile section */
		306CFF0FFE3C7394E585355E /* Pods_Career.framework in Frameworks */ = {isa = PBXBuildFile; fileRef = 631984F87C31A01C630C6567 /* Pods_Career.framework */; };
		432E18BD2492507400D96561 /* AppDelegate.swift in Sources */ = {isa = PBXBuildFile; fileRef = 432E18BC2492507400D96561 /* AppDelegate.swift */; };
		432E18BF2492507400D96561 /* SceneDelegate.swift in Sources */ = {isa = PBXBuildFile; fileRef = 432E18BE2492507400D96561 /* SceneDelegate.swift */; };
		432E18C12492507400D96561 /* ViewController.swift in Sources */ = {isa = PBXBuildFile; fileRef = 432E18C02492507400D96561 /* ViewController.swift */; };
		432E18C42492507400D96561 /* Main.storyboard in Resources */ = {isa = PBXBuildFile; fileRef = 432E18C22492507400D96561 /* Main.storyboard */; };
		432E18C62492507600D96561 /* Assets.xcassets in Resources */ = {isa = PBXBuildFile; fileRef = 432E18C52492507600D96561 /* Assets.xcassets */; };
		432E18C92492507600D96561 /* LaunchScreen.storyboard in Resources */ = {isa = PBXBuildFile; fileRef = 432E18C72492507600D96561 /* LaunchScreen.storyboard */; };
		432E18D12492584A00D96561 /* Model.swift in Sources */ = {isa = PBXBuildFile; fileRef = 432E18D02492584A00D96561 /* Model.swift */; };
		43D822A324DE41BF00CB8C37 /* LoginPopupViewController.swift in Sources */ = {isa = PBXBuildFile; fileRef = 43D822A224DE41BF00CB8C37 /* LoginPopupViewController.swift */; };
		43E02C4F24A9D55A0084C577 /* CalendarViewController.swift in Sources */ = {isa = PBXBuildFile; fileRef = 43E02C4E24A9D55A0084C577 /* CalendarViewController.swift */; };
		43E02C5124A9D56B0084C577 /* MypageViewController.swift in Sources */ = {isa = PBXBuildFile; fileRef = 43E02C5024A9D56B0084C577 /* MypageViewController.swift */; };
		43E02C7324AC37DB0084C577 /* CompanyTableViewCell.swift in Sources */ = {isa = PBXBuildFile; fileRef = 43E02C7224AC37DB0084C577 /* CompanyTableViewCell.swift */; };
/* End PBXBuildFile section */

/* Begin PBXFileReference section */
		432E18B92492507400D96561 /* Career.app */ = {isa = PBXFileReference; explicitFileType = wrapper.application; includeInIndex = 0; path = Career.app; sourceTree = BUILT_PRODUCTS_DIR; };
		432E18BC2492507400D96561 /* AppDelegate.swift */ = {isa = PBXFileReference; lastKnownFileType = sourcecode.swift; path = AppDelegate.swift; sourceTree = "<group>"; };
		432E18BE2492507400D96561 /* SceneDelegate.swift */ = {isa = PBXFileReference; lastKnownFileType = sourcecode.swift; path = SceneDelegate.swift; sourceTree = "<group>"; };
		432E18C02492507400D96561 /* ViewController.swift */ = {isa = PBXFileReference; lastKnownFileType = sourcecode.swift; path = ViewController.swift; sourceTree = "<group>"; };
		432E18C32492507400D96561 /* Base */ = {isa = PBXFileReference; lastKnownFileType = file.storyboard; name = Base; path = Base.lproj/Main.storyboard; sourceTree = "<group>"; };
		432E18C52492507600D96561 /* Assets.xcassets */ = {isa = PBXFileReference; lastKnownFileType = folder.assetcatalog; path = Assets.xcassets; sourceTree = "<group>"; };
		432E18C82492507600D96561 /* Base */ = {isa = PBXFileReference; lastKnownFileType = file.storyboard; name = Base; path = Base.lproj/LaunchScreen.storyboard; sourceTree = "<group>"; };
		432E18CA2492507600D96561 /* Info.plist */ = {isa = PBXFileReference; lastKnownFileType = text.plist.xml; path = Info.plist; sourceTree = "<group>"; };
		432E18D02492584A00D96561 /* Model.swift */ = {isa = PBXFileReference; lastKnownFileType = sourcecode.swift; path = Model.swift; sourceTree = "<group>"; };
		43D822A224DE41BF00CB8C37 /* LoginPopupViewController.swift */ = {isa = PBXFileReference; lastKnownFileType = sourcecode.swift; path = LoginPopupViewController.swift; sourceTree = "<group>"; };
		43E02C4E24A9D55A0084C577 /* CalendarViewController.swift */ = {isa = PBXFileReference; lastKnownFileType = sourcecode.swift; path = CalendarViewController.swift; sourceTree = "<group>"; };
		43E02C5024A9D56B0084C577 /* MypageViewController.swift */ = {isa = PBXFileReference; lastKnownFileType = sourcecode.swift; path = MypageViewController.swift; sourceTree = "<group>"; };
		43E02C7224AC37DB0084C577 /* CompanyTableViewCell.swift */ = {isa = PBXFileReference; lastKnownFileType = sourcecode.swift; path = CompanyTableViewCell.swift; sourceTree = "<group>"; };
		631984F87C31A01C630C6567 /* Pods_Career.framework */ = {isa = PBXFileReference; explicitFileType = wrapper.framework; includeInIndex = 0; path = Pods_Career.framework; sourceTree = BUILT_PRODUCTS_DIR; };
		BB2A00564C44A4E9146AB3DD /* Pods-Career.release.xcconfig */ = {isa = PBXFileReference; includeInIndex = 1; lastKnownFileType = text.xcconfig; name = "Pods-Career.release.xcconfig"; path = "Target Support Files/Pods-Career/Pods-Career.release.xcconfig"; sourceTree = "<group>"; };
		CC08A238B3B50C871FA0B689 /* Pods-Career.debug.xcconfig */ = {isa = PBXFileReference; includeInIndex = 1; lastKnownFileType = text.xcconfig; name = "Pods-Career.debug.xcconfig"; path = "Target Support Files/Pods-Career/Pods-Career.debug.xcconfig"; sourceTree = "<group>"; };
/* End PBXFileReference section */

/* Begin PBXFrameworksBuildPhase section */
		432E18B62492507400D96561 /* Frameworks */ = {
			isa = PBXFrameworksBuildPhase;
			buildActionMask = 2147483647;
			files = (
				306CFF0FFE3C7394E585355E /* Pods_Career.framework in Frameworks */,
			);
			runOnlyForDeploymentPostprocessing = 0;
		};
/* End PBXFrameworksBuildPhase section */

/* Begin PBXGroup section */
		036E1C78AA26D596E8E9B973 /* Pods */ = {
			isa = PBXGroup;
			children = (
				CC08A238B3B50C871FA0B689 /* Pods-Career.debug.xcconfig */,
				BB2A00564C44A4E9146AB3DD /* Pods-Career.release.xcconfig */,
			);
			path = Pods;
			sourceTree = "<group>";
		};
		432E18B02492507400D96561 = {
			isa = PBXGroup;
			children = (
				432E18BB2492507400D96561 /* Career */,
				432E18BA2492507400D96561 /* Products */,
				036E1C78AA26D596E8E9B973 /* Pods */,
				A7282EFC42C94587E903B71C /* Frameworks */,
			);
			sourceTree = "<group>";
		};
		432E18BA2492507400D96561 /* Products */ = {
			isa = PBXGroup;
			children = (
				432E18B92492507400D96561 /* Career.app */,
			);
			name = Products;
			sourceTree = "<group>";
		};
		432E18BB2492507400D96561 /* Career */ = {
			isa = PBXGroup;
			children = (
				432E18BC2492507400D96561 /* AppDelegate.swift */,
				432E18BE2492507400D96561 /* SceneDelegate.swift */,
				432E18D02492584A00D96561 /* Model.swift */,
				432E18C02492507400D96561 /* ViewController.swift */,
				432E18C22492507400D96561 /* Main.storyboard */,
				43E02C7224AC37DB0084C577 /* CompanyTableViewCell.swift */,
				43E02C4E24A9D55A0084C577 /* CalendarViewController.swift */,
				43E02C5024A9D56B0084C577 /* MypageViewController.swift */,
				43D822A224DE41BF00CB8C37 /* LoginPopupViewController.swift */,
				432E18C52492507600D96561 /* Assets.xcassets */,
				432E18C72492507600D96561 /* LaunchScreen.storyboard */,
				432E18CA2492507600D96561 /* Info.plist */,
			);
			path = Career;
			sourceTree = "<group>";
		};
		A7282EFC42C94587E903B71C /* Frameworks */ = {
			isa = PBXGroup;
			children = (
				631984F87C31A01C630C6567 /* Pods_Career.framework */,
			);
			name = Frameworks;
			sourceTree = "<group>";
		};
/* End PBXGroup section */

/* Begin PBXNativeTarget section */
		432E18B82492507400D96561 /* Career */ = {
			isa = PBXNativeTarget;
			buildConfigurationList = 432E18CD2492507600D96561 /* Build configuration list for PBXNativeTarget "Career" */;
			buildPhases = (
				5871856309329D7028620F8F /* [CP] Check Pods Manifest.lock */,
				432E18B52492507400D96561 /* Sources */,
				432E18B62492507400D96561 /* Frameworks */,
				432E18B72492507400D96561 /* Resources */,
				1C7604635FD383E9BC755666 /* [CP] Embed Pods Frameworks */,
			);
			buildRules = (
			);
			dependencies = (
			);
			name = Career;
			productName = Career;
			productReference = 432E18B92492507400D96561 /* Career.app */;
			productType = "com.apple.product-type.application";
		};
/* End PBXNativeTarget section */

/* Begin PBXProject section */
		432E18B12492507400D96561 /* Project object */ = {
			isa = PBXProject;
			attributes = {
				LastSwiftUpdateCheck = 1130;
				LastUpgradeCheck = 1130;
				ORGANIZATIONNAME = "안홍석";
				TargetAttributes = {
					432E18B82492507400D96561 = {
						CreatedOnToolsVersion = 11.3.1;
					};
				};
			};
			buildConfigurationList = 432E18B42492507400D96561 /* Build configuration list for PBXProject "Career" */;
			compatibilityVersion = "Xcode 9.3";
			developmentRegion = en;
			hasScannedForEncodings = 0;
			knownRegions = (
				en,
				Base,
			);
			mainGroup = 432E18B02492507400D96561;
			productRefGroup = 432E18BA2492507400D96561 /* Products */;
			projectDirPath = "";
			projectRoot = "";
			targets = (
				432E18B82492507400D96561 /* Career */,
			);
		};
/* End PBXProject section */

/* Begin PBXResourcesBuildPhase section */
		432E18B72492507400D96561 /* Resources */ = {
			isa = PBXResourcesBuildPhase;
			buildActionMask = 2147483647;
			files = (
				432E18C92492507600D96561 /* LaunchScreen.storyboard in Resources */,
				432E18C62492507600D96561 /* Assets.xcassets in Resources */,
				432E18C42492507400D96561 /* Main.storyboard in Resources */,
			);
			runOnlyForDeploymentPostprocessing = 0;
		};
/* End PBXResourcesBuildPhase section */

/* Begin PBXShellScriptBuildPhase section */
		1C7604635FD383E9BC755666 /* [CP] Embed Pods Frameworks */ = {
			isa = PBXShellScriptBuildPhase;
			buildActionMask = 2147483647;
			files = (
			);
			inputFileListPaths = (
				"${PODS_ROOT}/Target Support Files/Pods-Career/Pods-Career-frameworks-${CONFIGURATION}-input-files.xcfilelist",
			);
			name = "[CP] Embed Pods Frameworks";
			outputFileListPaths = (
				"${PODS_ROOT}/Target Support Files/Pods-Career/Pods-Career-frameworks-${CONFIGURATION}-output-files.xcfilelist",
			);
			runOnlyForDeploymentPostprocessing = 0;
			shellPath = /bin/sh;
			shellScript = "\"${PODS_ROOT}/Target Support Files/Pods-Career/Pods-Career-frameworks.sh\"\n";
			showEnvVarsInLog = 0;
		};
		5871856309329D7028620F8F /* [CP] Check Pods Manifest.lock */ = {
			isa = PBXShellScriptBuildPhase;
			buildActionMask = 2147483647;
			files = (
			);
			inputFileListPaths = (
			);
			inputPaths = (
				"${PODS_PODFILE_DIR_PATH}/Podfile.lock",
				"${PODS_ROOT}/Manifest.lock",
			);
			name = "[CP] Check Pods Manifest.lock";
			outputFileListPaths = (
			);
			outputPaths = (
				"$(DERIVED_FILE_DIR)/Pods-Career-checkManifestLockResult.txt",
			);
			runOnlyForDeploymentPostprocessing = 0;
			shellPath = /bin/sh;
			shellScript = "diff \"${PODS_PODFILE_DIR_PATH}/Podfile.lock\" \"${PODS_ROOT}/Manifest.lock\" > /dev/null\nif [ $? != 0 ] ; then\n    # print error to STDERR\n    echo \"error: The sandbox is not in sync with the Podfile.lock. Run 'pod install' or update your CocoaPods installation.\" >&2\n    exit 1\nfi\n# This output is used by Xcode 'outputs' to avoid re-running this script phase.\necho \"SUCCESS\" > \"${SCRIPT_OUTPUT_FILE_0}\"\n";
			showEnvVarsInLog = 0;
		};
/* End PBXShellScriptBuildPhase section */

/* Begin PBXSourcesBuildPhase section */
		432E18B52492507400D96561 /* Sources */ = {
			isa = PBXSourcesBuildPhase;
			buildActionMask = 2147483647;
			files = (
				43E02C4F24A9D55A0084C577 /* CalendarViewController.swift in Sources */,
				432E18C12492507400D96561 /* ViewController.swift in Sources */,
				432E18BD2492507400D96561 /* AppDelegate.swift in Sources */,
				43E02C7324AC37DB0084C577 /* CompanyTableViewCell.swift in Sources */,
				43E02C5124A9D56B0084C577 /* MypageViewController.swift in Sources */,
				43D822A324DE41BF00CB8C37 /* LoginPopupViewController.swift in Sources */,
				432E18BF2492507400D96561 /* SceneDelegate.swift in Sources */,
				432E18D12492584A00D96561 /* Model.swift in Sources */,
			);
			runOnlyForDeploymentPostprocessing = 0;
		};
/* End PBXSourcesBuildPhase section */

/* Begin PBXVariantGroup section */
		432E18C22492507400D96561 /* Main.storyboard */ = {
			isa = PBXVariantGroup;
			children = (
				432E18C32492507400D96561 /* Base */,
			);
			name = Main.storyboard;
			sourceTree = "<group>";
		};
		432E18C72492507600D96561 /* LaunchScreen.storyboard */ = {
			isa = PBXVariantGroup;
			children = (
				432E18C82492507600D96561 /* Base */,
			);
			name = LaunchScreen.storyboard;
			sourceTree = "<group>";
		};
/* End PBXVariantGroup section */

/* Begin XCBuildConfiguration section */
		432E18CB2492507600D96561 /* Debug */ = {
			isa = XCBuildConfiguration;
			buildSettings = {
				ALWAYS_SEARCH_USER_PATHS = NO;
				CLANG_ANALYZER_NONNULL = YES;
				CLANG_ANALYZER_NUMBER_OBJECT_CONVERSION = YES_AGGRESSIVE;
				CLANG_CXX_LANGUAGE_STANDARD = "gnu++14";
				CLANG_CXX_LIBRARY = "libc++";
				CLANG_ENABLE_MODULES = YES;
				CLANG_ENABLE_OBJC_ARC = YES;
				CLANG_ENABLE_OBJC_WEAK = YES;
				CLANG_WARN_BLOCK_CAPTURE_AUTORELEASING = YES;
				CLANG_WARN_BOOL_CONVERSION = YES;
				CLANG_WARN_COMMA = YES;
				CLANG_WARN_CONSTANT_CONVERSION = YES;
				CLANG_WARN_DEPRECATED_OBJC_IMPLEMENTATIONS = YES;
				CLANG_WARN_DIRECT_OBJC_ISA_USAGE = YES_ERROR;
				CLANG_WARN_DOCUMENTATION_COMMENTS = YES;
				CLANG_WARN_EMPTY_BODY = YES;
				CLANG_WARN_ENUM_CONVERSION = YES;
				CLANG_WARN_INFINITE_RECURSION = YES;
				CLANG_WARN_INT_CONVERSION = YES;
				CLANG_WARN_NON_LITERAL_NULL_CONVERSION = YES;
				CLANG_WARN_OBJC_IMPLICIT_RETAIN_SELF = YES;
				CLANG_WARN_OBJC_LITERAL_CONVERSION = YES;
				CLANG_WARN_OBJC_ROOT_CLASS = YES_ERROR;
				CLANG_WARN_RANGE_LOOP_ANALYSIS = YES;
				CLANG_WARN_STRICT_PROTOTYPES = YES;
				CLANG_WARN_SUSPICIOUS_MOVE = YES;
				CLANG_WARN_UNGUARDED_AVAILABILITY = YES_AGGRESSIVE;
				CLANG_WARN_UNREACHABLE_CODE = YES;
				CLANG_WARN__DUPLICATE_METHOD_MATCH = YES;
				COPY_PHASE_STRIP = NO;
				DEBUG_INFORMATION_FORMAT = dwarf;
				ENABLE_STRICT_OBJC_MSGSEND = YES;
				ENABLE_TESTABILITY = YES;
				GCC_C_LANGUAGE_STANDARD = gnu11;
				GCC_DYNAMIC_NO_PIC = NO;
				GCC_NO_COMMON_BLOCKS = YES;
				GCC_OPTIMIZATION_LEVEL = 0;
				GCC_PREPROCESSOR_DEFINITIONS = (
					"DEBUG=1",
					"$(inherited)",
				);
				GCC_WARN_64_TO_32_BIT_CONVERSION = YES;
				GCC_WARN_ABOUT_RETURN_TYPE = YES_ERROR;
				GCC_WARN_UNDECLARED_SELECTOR = YES;
				GCC_WARN_UNINITIALIZED_AUTOS = YES_AGGRESSIVE;
				GCC_WARN_UNUSED_FUNCTION = YES;
				GCC_WARN_UNUSED_VARIABLE = YES;
				IPHONEOS_DEPLOYMENT_TARGET = 13.2;
				MTL_ENABLE_DEBUG_INFO = INCLUDE_SOURCE;
				MTL_FAST_MATH = YES;
				ONLY_ACTIVE_ARCH = YES;
				SDKROOT = iphoneos;
				SWIFT_ACTIVE_COMPILATION_CONDITIONS = DEBUG;
				SWIFT_OPTIMIZATION_LEVEL = "-Onone";
			};
			name = Debug;
		};
		432E18CC2492507600D96561 /* Release */ = {
			isa = XCBuildConfiguration;
			buildSettings = {
				ALWAYS_SEARCH_USER_PATHS = NO;
				CLANG_ANALYZER_NONNULL = YES;
				CLANG_ANALYZER_NUMBER_OBJECT_CONVERSION = YES_AGGRESSIVE;
				CLANG_CXX_LANGUAGE_STANDARD = "gnu++14";
				CLANG_CXX_LIBRARY = "libc++";
				CLANG_ENABLE_MODULES = YES;
				CLANG_ENABLE_OBJC_ARC = YES;
				CLANG_ENABLE_OBJC_WEAK = YES;
				CLANG_WARN_BLOCK_CAPTURE_AUTORELEASING = YES;
				CLANG_WARN_BOOL_CONVERSION = YES;
				CLANG_WARN_COMMA = YES;
				CLANG_WARN_CONSTANT_CONVERSION = YES;
				CLANG_WARN_DEPRECATED_OBJC_IMPLEMENTATIONS = YES;
				CLANG_WARN_DIRECT_OBJC_ISA_USAGE = YES_ERROR;
				CLANG_WARN_DOCUMENTATION_COMMENTS = YES;
				CLANG_WARN_EMPTY_BODY = YES;
				CLANG_WARN_ENUM_CONVERSION = YES;
				CLANG_WARN_INFINITE_RECURSION = YES;
				CLANG_WARN_INT_CONVERSION = YES;
				CLANG_WARN_NON_LITERAL_NULL_CONVERSION = YES;
				CLANG_WARN_OBJC_IMPLICIT_RETAIN_SELF = YES;
				CLANG_WARN_OBJC_LITERAL_CONVERSION = YES;
				CLANG_WARN_OBJC_ROOT_CLASS = YES_ERROR;
				CLANG_WARN_RANGE_LOOP_ANALYSIS = YES;
				CLANG_WARN_STRICT_PROTOTYPES = YES;
				CLANG_WARN_SUSPICIOUS_MOVE = YES;
				CLANG_WARN_UNGUARDED_AVAILABILITY = YES_AGGRESSIVE;
				CLANG_WARN_UNREACHABLE_CODE = YES;
				CLANG_WARN__DUPLICATE_METHOD_MATCH = YES;
				COPY_PHASE_STRIP = NO;
				DEBUG_INFORMATION_FORMAT = "dwarf-with-dsym";
				ENABLE_NS_ASSERTIONS = NO;
				ENABLE_STRICT_OBJC_MSGSEND = YES;
				GCC_C_LANGUAGE_STANDARD = gnu11;
				GCC_NO_COMMON_BLOCKS = YES;
				GCC_WARN_64_TO_32_BIT_CONVERSION = YES;
				GCC_WARN_ABOUT_RETURN_TYPE = YES_ERROR;
				GCC_WARN_UNDECLARED_SELECTOR = YES;
				GCC_WARN_UNINITIALIZED_AUTOS = YES_AGGRESSIVE;
				GCC_WARN_UNUSED_FUNCTION = YES;
				GCC_WARN_UNUSED_VARIABLE = YES;
				IPHONEOS_DEPLOYMENT_TARGET = 13.2;
				MTL_ENABLE_DEBUG_INFO = NO;
				MTL_FAST_MATH = YES;
				SDKROOT = iphoneos;
				SWIFT_COMPILATION_MODE = wholemodule;
				SWIFT_OPTIMIZATION_LEVEL = "-O";
				VALIDATE_PRODUCT = YES;
			};
			name = Release;
		};
		432E18CE2492507600D96561 /* Debug */ = {
			isa = XCBuildConfiguration;
			baseConfigurationReference = CC08A238B3B50C871FA0B689 /* Pods-Career.debug.xcconfig */;
			buildSettings = {
				ASSETCATALOG_COMPILER_APPICON_NAME = AppIcon;
				CODE_SIGN_STYLE = Automatic;
				DEVELOPMENT_TEAM = B535JPUPAQ;
				INFOPLIST_FILE = Career/Info.plist;
				IPHONEOS_DEPLOYMENT_TARGET = 13.2;
				LD_RUNPATH_SEARCH_PATHS = (
					"$(inherited)",
					"@executable_path/Frameworks",
				);
				PRODUCT_BUNDLE_IDENTIFIER = ac.kr.cau.Career;
				PRODUCT_NAME = "$(TARGET_NAME)";
				SWIFT_VERSION = 5.0;
				TARGETED_DEVICE_FAMILY = "1,2";
			};
			name = Debug;
		};
		432E18CF2492507600D96561 /* Release */ = {
			isa = XCBuildConfiguration;
			baseConfigurationReference = BB2A00564C44A4E9146AB3DD /* Pods-Career.release.xcconfig */;
			buildSettings = {
				ASSETCATALOG_COMPILER_APPICON_NAME = AppIcon;
				CODE_SIGN_STYLE = Automatic;
				DEVELOPMENT_TEAM = B535JPUPAQ;
				INFOPLIST_FILE = Career/Info.plist;
				IPHONEOS_DEPLOYMENT_TARGET = 13.2;
				LD_RUNPATH_SEARCH_PATHS = (
					"$(inherited)",
					"@executable_path/Frameworks",
				);
				PRODUCT_BUNDLE_IDENTIFIER = ac.kr.cau.Career;
				PRODUCT_NAME = "$(TARGET_NAME)";
				SWIFT_VERSION = 5.0;
				TARGETED_DEVICE_FAMILY = "1,2";
			};
			name = Release;
		};
/* End XCBuildConfiguration section */

/* Begin XCConfigurationList section */
		432E18B42492507400D96561 /* Build configuration list for PBXProject "Career" */ = {
			isa = XCConfigurationList;
			buildConfigurations = (
				432E18CB2492507600D96561 /* Debug */,
				432E18CC2492507600D96561 /* Release */,
			);
			defaultConfigurationIsVisible = 0;
			defaultConfigurationName = Release;
		};
		432E18CD2492507600D96561 /* Build configuration list for PBXNativeTarget "Career" */ = {
			isa = XCConfigurationList;
			buildConfigurations = (
				432E18CE2492507600D96561 /* Debug */,
				432E18CF2492507600D96561 /* Release */,
			);
			defaultConfigurationIsVisible = 0;
			defaultConfigurationName = Release;
		};
/* End XCConfigurationList section */
	};
	rootObject = 432E18B12492507400D96561 /* Project object */;
}
